
Microsoft Visual Studio Solution File, Format Version 12.00
Project("{2150E333-8FDC-42A3-9474-1A3956D46DE8}") = "Day01CountCalories", "Day01CountCalories", "{4F3D80ED-64A2-4266-B956-8087FA6B7F91}"
	ProjectSection(SolutionItems) = preProject
		Day01CountCalories\README.md = Day01CountCalories\README.md
	EndProjectSection
EndProject
Project("{FAE04EC0-301F-11D3-BF4B-00C04F79EFBC}") = "Day01CountCalories", "Day01CountCalories\Day01CountCalories\Day01CountCalories.csproj", "{253EBE5F-72B1-4D76-BF08-EBDE8E820A1B}"
EndProject
Project("{FAE04EC0-301F-11D3-BF4B-00C04F79EFBC}") = "Day01CountCalories.Tests", "Day01CountCalories\Day01CountCalories.Tests\Day01CountCalories.Tests.csproj", "{6C5F4CCF-E3C3-4B14-8D54-F8403E89520D}"
EndProject
Project("{2150E333-8FDC-42A3-9474-1A3956D46DE8}") = "Day02RockPaperScissors", "Day02RockPaperScissors", "{CCF9DDA6-49C7-4356-B765-B88A125557D5}"
	ProjectSection(SolutionItems) = preProject
		Day02RockPaperScissors\README.md = Day02RockPaperScissors\README.md
	EndProjectSection
EndProject
Project("{FAE04EC0-301F-11D3-BF4B-00C04F79EFBC}") = "Day02RockPaperScissors.Tests", "Day02RockPaperScissors\Day02RockPaperScissors.Tests\Day02RockPaperScissors.Tests.csproj", "{E8E71F1E-1B68-4B2B-8C89-A0DE08D2D95E}"
EndProject
Project("{FAE04EC0-301F-11D3-BF4B-00C04F79EFBC}") = "Day02RockPaperScissors", "Day02RockPaperScissors\Day02RockPaperScissors\Day02RockPaperScissors.csproj", "{2A597095-E2F9-4D06-B84F-22CFCCF6EB7C}"
EndProject
Project("{2150E333-8FDC-42A3-9474-1A3956D46DE8}") = "GitHubConfigs", "GitHubConfigs", "{8155C119-78FB-4F30-A250-03879B1E65C6}"
	ProjectSection(SolutionItems) = preProject
		.github\workflows\dotnet.yml = .github\workflows\dotnet.yml
		.github\dependabot.yml = .github\dependabot.yml
	EndProjectSection
EndProject
Global
	GlobalSection(SolutionConfigurationPlatforms) = preSolution
		Debug|Any CPU = Debug|Any CPU
		Release|Any CPU = Release|Any CPU
	EndGlobalSection
	GlobalSection(ProjectConfigurationPlatforms) = postSolution
		{253EBE5F-72B1-4D76-BF08-EBDE8E820A1B}.Debug|Any CPU.ActiveCfg = Debug|Any CPU
		{253EBE5F-72B1-4D76-BF08-EBDE8E820A1B}.Debug|Any CPU.Build.0 = Debug|Any CPU
		{253EBE5F-72B1-4D76-BF08-EBDE8E820A1B}.Release|Any CPU.ActiveCfg = Release|Any CPU
		{253EBE5F-72B1-4D76-BF08-EBDE8E820A1B}.Release|Any CPU.Build.0 = Release|Any CPU
		{6C5F4CCF-E3C3-4B14-8D54-F8403E89520D}.Debug|Any CPU.ActiveCfg = Debug|Any CPU
		{6C5F4CCF-E3C3-4B14-8D54-F8403E89520D}.Debug|Any CPU.Build.0 = Debug|Any CPU
		{6C5F4CCF-E3C3-4B14-8D54-F8403E89520D}.Release|Any CPU.ActiveCfg = Release|Any CPU
		{6C5F4CCF-E3C3-4B14-8D54-F8403E89520D}.Release|Any CPU.Build.0 = Release|Any CPU
		{E8E71F1E-1B68-4B2B-8C89-A0DE08D2D95E}.Debug|Any CPU.ActiveCfg = Debug|Any CPU
		{E8E71F1E-1B68-4B2B-8C89-A0DE08D2D95E}.Debug|Any CPU.Build.0 = Debug|Any CPU
		{E8E71F1E-1B68-4B2B-8C89-A0DE08D2D95E}.Release|Any CPU.ActiveCfg = Release|Any CPU
		{E8E71F1E-1B68-4B2B-8C89-A0DE08D2D95E}.Release|Any CPU.Build.0 = Release|Any CPU
		{2A597095-E2F9-4D06-B84F-22CFCCF6EB7C}.Debug|Any CPU.ActiveCfg = Debug|Any CPU
		{2A597095-E2F9-4D06-B84F-22CFCCF6EB7C}.Debug|Any CPU.Build.0 = Debug|Any CPU
		{2A597095-E2F9-4D06-B84F-22CFCCF6EB7C}.Release|Any CPU.ActiveCfg = Release|Any CPU
		{2A597095-E2F9-4D06-B84F-22CFCCF6EB7C}.Release|Any CPU.Build.0 = Release|Any CPU
	EndGlobalSection
	GlobalSection(NestedProjects) = preSolution
		{253EBE5F-72B1-4D76-BF08-EBDE8E820A1B} = {4F3D80ED-64A2-4266-B956-8087FA6B7F91}
		{6C5F4CCF-E3C3-4B14-8D54-F8403E89520D} = {4F3D80ED-64A2-4266-B956-8087FA6B7F91}
		{E8E71F1E-1B68-4B2B-8C89-A0DE08D2D95E} = {CCF9DDA6-49C7-4356-B765-B88A125557D5}
		{2A597095-E2F9-4D06-B84F-22CFCCF6EB7C} = {CCF9DDA6-49C7-4356-B765-B88A125557D5}
	EndGlobalSection
EndGlobal
