
Microsoft Visual Studio Solution File, Format Version 12.00
Project("{2150E333-8FDC-42A3-9474-1A3956D46DE8}") = "Day01CountCalories", "Day01CountCalories", "{4F3D80ED-64A2-4266-B956-8087FA6B7F91}"
	ProjectSection(SolutionItems) = preProject
		Day01CountCalories\README.md = Day01CountCalories\README.md
	EndProjectSection
EndProject
Project("{FAE04EC0-301F-11D3-BF4B-00C04F79EFBC}") = "Day01CountCalories", "Day01CountCalories\Day01CountCalories\Day01CountCalories.csproj", "{253EBE5F-72B1-4D76-BF08-EBDE8E820A1B}"
EndProject
Project("{FAE04EC0-301F-11D3-BF4B-00C04F79EFBC}") = "Day01CountCalories.Tests", "Day01CountCalories\Day01CountCalories.Tests\Day01CountCalories.Tests.csproj", "{6C5F4CCF-E3C3-4B14-8D54-F8403E89520D}"
EndProject
Project("{2150E333-8FDC-42A3-9474-1A3956D46DE8}") = "Day02RockPaperScissors", "Day02RockPaperScissors", "{CCF9DDA6-49C7-4356-B765-B88A125557D5}"
	ProjectSection(SolutionItems) = preProject
		Day02RockPaperScissors\README.md = Day02RockPaperScissors\README.md
	EndProjectSection
EndProject
Project("{FAE04EC0-301F-11D3-BF4B-00C04F79EFBC}") = "Day02RockPaperScissors.Tests", "Day02RockPaperScissors\Day02RockPaperScissors.Tests\Day02RockPaperScissors.Tests.csproj", "{E8E71F1E-1B68-4B2B-8C89-A0DE08D2D95E}"
EndProject
Project("{FAE04EC0-301F-11D3-BF4B-00C04F79EFBC}") = "Day02RockPaperScissors", "Day02RockPaperScissors\Day02RockPaperScissors\Day02RockPaperScissors.csproj", "{2A597095-E2F9-4D06-B84F-22CFCCF6EB7C}"
EndProject
Project("{2150E333-8FDC-42A3-9474-1A3956D46DE8}") = "GitHubConfigs", "GitHubConfigs", "{8155C119-78FB-4F30-A250-03879B1E65C6}"
	ProjectSection(SolutionItems) = preProject
		.github\workflows\dotnet.yml = .github\workflows\dotnet.yml
		.github\dependabot.yml = .github\dependabot.yml
	EndProjectSection
EndProject
Project("{2150E333-8FDC-42A3-9474-1A3956D46DE8}") = "Day03RucksackReorganization", "Day03RucksackReorganization", "{2492C5DB-B660-4980-B6BC-602F21046D1B}"
	ProjectSection(SolutionItems) = preProject
		Day03RucksackReorganization\README.md = Day03RucksackReorganization\README.md
		Day03RucksackReorganization\design.drawio.png = Day03RucksackReorganization\design.drawio.png
	EndProjectSection
EndProject
Project("{FAE04EC0-301F-11D3-BF4B-00C04F79EFBC}") = "Day03RucksackReorganization", "Day03RucksackReorganization\Day03RucksackReorganization\Day03RucksackReorganization.csproj", "{6B8395F2-D68F-4B59-B87F-F24F10E9EFC5}"
EndProject
Project("{FAE04EC0-301F-11D3-BF4B-00C04F79EFBC}") = "Day03RucksackReorganization.Tests", "Day03RucksackReorganization\Day03RucksackReorganization.Tests\Day03RucksackReorganization.Tests.csproj", "{8240F0E7-1E30-4EF2-A21E-1D0E816ABAE7}"
EndProject
Project("{2150E333-8FDC-42A3-9474-1A3956D46DE8}") = "TemplateProjects", "TemplateProjects", "{F20EDB62-BB62-42CE-B135-C4956B84838D}"
	ProjectSection(SolutionItems) = preProject
		TemplateProjects\README.md = TemplateProjects\README.md
	EndProjectSection
EndProject
Project("{FAE04EC0-301F-11D3-BF4B-00C04F79EFBC}") = "TemplateProjects", "TemplateProjects\TemplateProjects\TemplateProjects.csproj", "{C042B169-AF54-49E9-8EC9-BB8C5CBFEA38}"
EndProject
Project("{FAE04EC0-301F-11D3-BF4B-00C04F79EFBC}") = "TemplateProjects.Tests", "TemplateProjects\TemplateProjects.Tests\TemplateProjects.Tests.csproj", "{5FA12F6D-414A-40F7-ABEC-914832216844}"
EndProject
Project("{2150E333-8FDC-42A3-9474-1A3956D46DE8}") = "Day04CampCleanup", "Day04CampCleanup", "{17EDE30E-7E35-40F2-BE8D-B21A025F9DC2}"
	ProjectSection(SolutionItems) = preProject
		Day04CampCleanup\README.md = Day04CampCleanup\README.md
	EndProjectSection
EndProject
Project("{FAE04EC0-301F-11D3-BF4B-00C04F79EFBC}") = "Day04CampCleanup.Tests", "Day04CampCleanup\Day04CampCleanup.Tests\Day04CampCleanup.Tests.csproj", "{7A942CFC-9B8C-4901-A78D-DD50DE342A1A}"
EndProject
Project("{FAE04EC0-301F-11D3-BF4B-00C04F79EFBC}") = "Day04CampCleanup", "Day04CampCleanup\Day04CampCleanup\Day04CampCleanup.csproj", "{2F848C98-AB7C-437D-B3CE-F2222159F967}"
EndProject
Project("{2150E333-8FDC-42A3-9474-1A3956D46DE8}") = "Day05SupplyStacks", "Day05SupplyStacks", "{3B05BC05-DC14-4F2D-8247-F5F6CB164696}"
	ProjectSection(SolutionItems) = preProject
		Day05SupplyStacks\README.md = Day05SupplyStacks\README.md
		Day05SupplyStacks\design.drawio.png = Day05SupplyStacks\design.drawio.png
	EndProjectSection
EndProject
Project("{FAE04EC0-301F-11D3-BF4B-00C04F79EFBC}") = "Day05SupplyStacks", "Day05SupplyStacks\Day05SupplyStacks\Day05SupplyStacks.csproj", "{174E4032-3B51-4DE8-8F18-08E47581D9AE}"
EndProject
Project("{FAE04EC0-301F-11D3-BF4B-00C04F79EFBC}") = "Day05SupplyStacks.Tests", "Day05SupplyStacks\Day05SupplyStacks.Tests\Day05SupplyStacks.Tests.csproj", "{BD02231C-8587-4E6D-A505-E009D8F55B72}"
EndProject
Global
	GlobalSection(SolutionConfigurationPlatforms) = preSolution
		Debug|Any CPU = Debug|Any CPU
		Release|Any CPU = Release|Any CPU
	EndGlobalSection
	GlobalSection(ProjectConfigurationPlatforms) = postSolution
		{253EBE5F-72B1-4D76-BF08-EBDE8E820A1B}.Debug|Any CPU.ActiveCfg = Debug|Any CPU
		{253EBE5F-72B1-4D76-BF08-EBDE8E820A1B}.Debug|Any CPU.Build.0 = Debug|Any CPU
		{253EBE5F-72B1-4D76-BF08-EBDE8E820A1B}.Release|Any CPU.ActiveCfg = Release|Any CPU
		{253EBE5F-72B1-4D76-BF08-EBDE8E820A1B}.Release|Any CPU.Build.0 = Release|Any CPU
		{6C5F4CCF-E3C3-4B14-8D54-F8403E89520D}.Debug|Any CPU.ActiveCfg = Debug|Any CPU
		{6C5F4CCF-E3C3-4B14-8D54-F8403E89520D}.Debug|Any CPU.Build.0 = Debug|Any CPU
		{6C5F4CCF-E3C3-4B14-8D54-F8403E89520D}.Release|Any CPU.ActiveCfg = Release|Any CPU
		{6C5F4CCF-E3C3-4B14-8D54-F8403E89520D}.Release|Any CPU.Build.0 = Release|Any CPU
		{E8E71F1E-1B68-4B2B-8C89-A0DE08D2D95E}.Debug|Any CPU.ActiveCfg = Debug|Any CPU
		{E8E71F1E-1B68-4B2B-8C89-A0DE08D2D95E}.Debug|Any CPU.Build.0 = Debug|Any CPU
		{E8E71F1E-1B68-4B2B-8C89-A0DE08D2D95E}.Release|Any CPU.ActiveCfg = Release|Any CPU
		{E8E71F1E-1B68-4B2B-8C89-A0DE08D2D95E}.Release|Any CPU.Build.0 = Release|Any CPU
		{2A597095-E2F9-4D06-B84F-22CFCCF6EB7C}.Debug|Any CPU.ActiveCfg = Debug|Any CPU
		{2A597095-E2F9-4D06-B84F-22CFCCF6EB7C}.Debug|Any CPU.Build.0 = Debug|Any CPU
		{2A597095-E2F9-4D06-B84F-22CFCCF6EB7C}.Release|Any CPU.ActiveCfg = Release|Any CPU
		{2A597095-E2F9-4D06-B84F-22CFCCF6EB7C}.Release|Any CPU.Build.0 = Release|Any CPU
		{6B8395F2-D68F-4B59-B87F-F24F10E9EFC5}.Debug|Any CPU.ActiveCfg = Debug|Any CPU
		{6B8395F2-D68F-4B59-B87F-F24F10E9EFC5}.Debug|Any CPU.Build.0 = Debug|Any CPU
		{6B8395F2-D68F-4B59-B87F-F24F10E9EFC5}.Release|Any CPU.ActiveCfg = Release|Any CPU
		{6B8395F2-D68F-4B59-B87F-F24F10E9EFC5}.Release|Any CPU.Build.0 = Release|Any CPU
		{8240F0E7-1E30-4EF2-A21E-1D0E816ABAE7}.Debug|Any CPU.ActiveCfg = Debug|Any CPU
		{8240F0E7-1E30-4EF2-A21E-1D0E816ABAE7}.Debug|Any CPU.Build.0 = Debug|Any CPU
		{8240F0E7-1E30-4EF2-A21E-1D0E816ABAE7}.Release|Any CPU.ActiveCfg = Release|Any CPU
		{8240F0E7-1E30-4EF2-A21E-1D0E816ABAE7}.Release|Any CPU.Build.0 = Release|Any CPU
		{C042B169-AF54-49E9-8EC9-BB8C5CBFEA38}.Debug|Any CPU.ActiveCfg = Debug|Any CPU
		{C042B169-AF54-49E9-8EC9-BB8C5CBFEA38}.Debug|Any CPU.Build.0 = Debug|Any CPU
		{C042B169-AF54-49E9-8EC9-BB8C5CBFEA38}.Release|Any CPU.ActiveCfg = Release|Any CPU
		{C042B169-AF54-49E9-8EC9-BB8C5CBFEA38}.Release|Any CPU.Build.0 = Release|Any CPU
		{5FA12F6D-414A-40F7-ABEC-914832216844}.Debug|Any CPU.ActiveCfg = Debug|Any CPU
		{5FA12F6D-414A-40F7-ABEC-914832216844}.Debug|Any CPU.Build.0 = Debug|Any CPU
		{5FA12F6D-414A-40F7-ABEC-914832216844}.Release|Any CPU.ActiveCfg = Release|Any CPU
		{5FA12F6D-414A-40F7-ABEC-914832216844}.Release|Any CPU.Build.0 = Release|Any CPU
		{7A942CFC-9B8C-4901-A78D-DD50DE342A1A}.Debug|Any CPU.ActiveCfg = Debug|Any CPU
		{7A942CFC-9B8C-4901-A78D-DD50DE342A1A}.Debug|Any CPU.Build.0 = Debug|Any CPU
		{7A942CFC-9B8C-4901-A78D-DD50DE342A1A}.Release|Any CPU.ActiveCfg = Release|Any CPU
		{7A942CFC-9B8C-4901-A78D-DD50DE342A1A}.Release|Any CPU.Build.0 = Release|Any CPU
		{2F848C98-AB7C-437D-B3CE-F2222159F967}.Debug|Any CPU.ActiveCfg = Debug|Any CPU
		{2F848C98-AB7C-437D-B3CE-F2222159F967}.Debug|Any CPU.Build.0 = Debug|Any CPU
		{2F848C98-AB7C-437D-B3CE-F2222159F967}.Release|Any CPU.ActiveCfg = Release|Any CPU
		{2F848C98-AB7C-437D-B3CE-F2222159F967}.Release|Any CPU.Build.0 = Release|Any CPU
		{174E4032-3B51-4DE8-8F18-08E47581D9AE}.Debug|Any CPU.ActiveCfg = Debug|Any CPU
		{174E4032-3B51-4DE8-8F18-08E47581D9AE}.Debug|Any CPU.Build.0 = Debug|Any CPU
		{174E4032-3B51-4DE8-8F18-08E47581D9AE}.Release|Any CPU.ActiveCfg = Release|Any CPU
		{174E4032-3B51-4DE8-8F18-08E47581D9AE}.Release|Any CPU.Build.0 = Release|Any CPU
		{BD02231C-8587-4E6D-A505-E009D8F55B72}.Debug|Any CPU.ActiveCfg = Debug|Any CPU
		{BD02231C-8587-4E6D-A505-E009D8F55B72}.Debug|Any CPU.Build.0 = Debug|Any CPU
		{BD02231C-8587-4E6D-A505-E009D8F55B72}.Release|Any CPU.ActiveCfg = Release|Any CPU
		{BD02231C-8587-4E6D-A505-E009D8F55B72}.Release|Any CPU.Build.0 = Release|Any CPU
	EndGlobalSection
	GlobalSection(NestedProjects) = preSolution
		{253EBE5F-72B1-4D76-BF08-EBDE8E820A1B} = {4F3D80ED-64A2-4266-B956-8087FA6B7F91}
		{6C5F4CCF-E3C3-4B14-8D54-F8403E89520D} = {4F3D80ED-64A2-4266-B956-8087FA6B7F91}
		{E8E71F1E-1B68-4B2B-8C89-A0DE08D2D95E} = {CCF9DDA6-49C7-4356-B765-B88A125557D5}
		{2A597095-E2F9-4D06-B84F-22CFCCF6EB7C} = {CCF9DDA6-49C7-4356-B765-B88A125557D5}
		{6B8395F2-D68F-4B59-B87F-F24F10E9EFC5} = {2492C5DB-B660-4980-B6BC-602F21046D1B}
		{8240F0E7-1E30-4EF2-A21E-1D0E816ABAE7} = {2492C5DB-B660-4980-B6BC-602F21046D1B}
		{C042B169-AF54-49E9-8EC9-BB8C5CBFEA38} = {F20EDB62-BB62-42CE-B135-C4956B84838D}
		{5FA12F6D-414A-40F7-ABEC-914832216844} = {F20EDB62-BB62-42CE-B135-C4956B84838D}
		{7A942CFC-9B8C-4901-A78D-DD50DE342A1A} = {17EDE30E-7E35-40F2-BE8D-B21A025F9DC2}
		{2F848C98-AB7C-437D-B3CE-F2222159F967} = {17EDE30E-7E35-40F2-BE8D-B21A025F9DC2}
		{174E4032-3B51-4DE8-8F18-08E47581D9AE} = {3B05BC05-DC14-4F2D-8247-F5F6CB164696}
		{BD02231C-8587-4E6D-A505-E009D8F55B72} = {3B05BC05-DC14-4F2D-8247-F5F6CB164696}
	EndGlobalSection
EndGlobal
